
Microsoft Visual Studio Solution File, Format Version 11.00
# Visual Studio 2010
Project("{FAE04EC0-301F-11D3-BF4B-00C04F79EFBC}") = "Cone", "Cone.csproj", "{E557FD03-E249-4211-80CF-FB0923FD4C7D}"
EndProject
Project("{FAE04EC0-301F-11D3-BF4B-00C04F79EFBC}") = "Cone.Specs", "Specs\Cone.Specs.csproj", "{BF157BB9-A8AE-4CE1-BDD8-8EFA7358EC0B}"
EndProject
Project("{FAE04EC0-301F-11D3-BF4B-00C04F79EFBC}") = "Cone.Addin", "Addin\Cone.Addin.csproj", "{C1B2EAD0-140C-4D5F-A757-1092CB39AECE}"
EndProject
Global
	GlobalSection(SolutionConfigurationPlatforms) = preSolution
		Debug|Any CPU = Debug|Any CPU
		Release|Any CPU = Release|Any CPU
	EndGlobalSection
	GlobalSection(ProjectConfigurationPlatforms) = postSolution
		{E557FD03-E249-4211-80CF-FB0923FD4C7D}.Debug|Any CPU.ActiveCfg = Debug|Any CPU
		{E557FD03-E249-4211-80CF-FB0923FD4C7D}.Debug|Any CPU.Build.0 = Debug|Any CPU
		{E557FD03-E249-4211-80CF-FB0923FD4C7D}.Release|Any CPU.ActiveCfg = Release|Any CPU
		{E557FD03-E249-4211-80CF-FB0923FD4C7D}.Release|Any CPU.Build.0 = Release|Any CPU
		{BF157BB9-A8AE-4CE1-BDD8-8EFA7358EC0B}.Debug|Any CPU.ActiveCfg = Debug|Any CPU
		{BF157BB9-A8AE-4CE1-BDD8-8EFA7358EC0B}.Debug|Any CPU.Build.0 = Debug|Any CPU
		{BF157BB9-A8AE-4CE1-BDD8-8EFA7358EC0B}.Release|Any CPU.ActiveCfg = Release|Any CPU
		{BF157BB9-A8AE-4CE1-BDD8-8EFA7358EC0B}.Release|Any CPU.Build.0 = Release|Any CPU
		{C1B2EAD0-140C-4D5F-A757-1092CB39AECE}.Debug|Any CPU.ActiveCfg = Debug|Any CPU
		{C1B2EAD0-140C-4D5F-A757-1092CB39AECE}.Debug|Any CPU.Build.0 = Debug|Any CPU
		{C1B2EAD0-140C-4D5F-A757-1092CB39AECE}.Release|Any CPU.ActiveCfg = Release|Any CPU
		{C1B2EAD0-140C-4D5F-A757-1092CB39AECE}.Release|Any CPU.Build.0 = Release|Any CPU
	EndGlobalSection
	GlobalSection(SolutionProperties) = preSolution
		HideSolutionNode = FALSE
	EndGlobalSection
EndGlobal
